// !$*UTF8*$!
{
	archiveVersion = 1;
	classes = {
	};
	objectVersion = 46;
	objects = {

/* Begin PBXBuildFile section */
		6384EDBB1BE63F4900049244 /* AppDelegate.swift in Sources */ = {isa = PBXBuildFile; fileRef = 6384EDBA1BE63F4900049244 /* AppDelegate.swift */; };
		6384EDBD1BE63F4900049244 /* ViewController.swift in Sources */ = {isa = PBXBuildFile; fileRef = 6384EDBC1BE63F4900049244 /* ViewController.swift */; };
		6384EDC01BE63F4900049244 /* Main.storyboard in Resources */ = {isa = PBXBuildFile; fileRef = 6384EDBE1BE63F4900049244 /* Main.storyboard */; };
		6384EDC31BE63F4900049244 /* eWallet.xcdatamodeld in Sources */ = {isa = PBXBuildFile; fileRef = 6384EDC11BE63F4900049244 /* eWallet.xcdatamodeld */; };
		6384EDC51BE63F4900049244 /* Assets.xcassets in Resources */ = {isa = PBXBuildFile; fileRef = 6384EDC41BE63F4900049244 /* Assets.xcassets */; };
		6384EDC81BE63F4900049244 /* LaunchScreen.storyboard in Resources */ = {isa = PBXBuildFile; fileRef = 6384EDC61BE63F4900049244 /* LaunchScreen.storyboard */; };
		6384EDD31BE63F4900049244 /* eWalletTests.swift in Sources */ = {isa = PBXBuildFile; fileRef = 6384EDD21BE63F4900049244 /* eWalletTests.swift */; };
		6384EDDE1BE63F4900049244 /* eWalletUITests.swift in Sources */ = {isa = PBXBuildFile; fileRef = 6384EDDD1BE63F4900049244 /* eWalletUITests.swift */; };
/* End PBXBuildFile section */

/* Begin PBXContainerItemProxy section */
		6384EDCF1BE63F4900049244 /* PBXContainerItemProxy */ = {
			isa = PBXContainerItemProxy;
			containerPortal = 6384EDAF1BE63F4900049244 /* Project object */;
			proxyType = 1;
			remoteGlobalIDString = 6384EDB61BE63F4900049244;
			remoteInfo = eWallet;
		};
		6384EDDA1BE63F4900049244 /* PBXContainerItemProxy */ = {
			isa = PBXContainerItemProxy;
			containerPortal = 6384EDAF1BE63F4900049244 /* Project object */;
			proxyType = 1;
			remoteGlobalIDString = 6384EDB61BE63F4900049244;
			remoteInfo = eWallet;
		};
/* End PBXContainerItemProxy section */

/* Begin PBXFileReference section */
		6384EDB71BE63F4900049244 /* eWallet.app */ = {isa = PBXFileReference; explicitFileType = wrapper.application; includeInIndex = 0; path = eWallet.app; sourceTree = BUILT_PRODUCTS_DIR; };
		6384EDBA1BE63F4900049244 /* AppDelegate.swift */ = {isa = PBXFileReference; lastKnownFileType = sourcecode.swift; path = AppDelegate.swift; sourceTree = "<group>"; };
		6384EDBC1BE63F4900049244 /* ViewController.swift */ = {isa = PBXFileReference; lastKnownFileType = sourcecode.swift; path = ViewController.swift; sourceTree = "<group>"; };
		6384EDBF1BE63F4900049244 /* Base */ = {isa = PBXFileReference; lastKnownFileType = file.storyboard; name = Base; path = Base.lproj/Main.storyboard; sourceTree = "<group>"; };
		6384EDC21BE63F4900049244 /* eWallet.xcdatamodel */ = {isa = PBXFileReference; lastKnownFileType = wrapper.xcdatamodel; path = eWallet.xcdatamodel; sourceTree = "<group>"; };
		6384EDC41BE63F4900049244 /* Assets.xcassets */ = {isa = PBXFileReference; lastKnownFileType = folder.assetcatalog; path = Assets.xcassets; sourceTree = "<group>"; };
		6384EDC71BE63F4900049244 /* Base */ = {isa = PBXFileReference; lastKnownFileType = file.storyboard; name = Base; path = Base.lproj/LaunchScreen.storyboard; sourceTree = "<group>"; };
		6384EDC91BE63F4900049244 /* Info.plist */ = {isa = PBXFileReference; lastKnownFileType = text.plist.xml; path = Info.plist; sourceTree = "<group>"; };
		6384EDCE1BE63F4900049244 /* eWalletTests.xctest */ = {isa = PBXFileReference; explicitFileType = wrapper.cfbundle; includeInIndex = 0; path = eWalletTests.xctest; sourceTree = BUILT_PRODUCTS_DIR; };
		6384EDD21BE63F4900049244 /* eWalletTests.swift */ = {isa = PBXFileReference; lastKnownFileType = sourcecode.swift; path = eWalletTests.swift; sourceTree = "<group>"; };
		6384EDD41BE63F4900049244 /* Info.plist */ = {isa = PBXFileReference; lastKnownFileType = text.plist.xml; path = Info.plist; sourceTree = "<group>"; };
		6384EDD91BE63F4900049244 /* eWalletUITests.xctest */ = {isa = PBXFileReference; explicitFileType = wrapper.cfbundle; includeInIndex = 0; path = eWalletUITests.xctest; sourceTree = BUILT_PRODUCTS_DIR; };
		6384EDDD1BE63F4900049244 /* eWalletUITests.swift */ = {isa = PBXFileReference; lastKnownFileType = sourcecode.swift; path = eWalletUITests.swift; sourceTree = "<group>"; };
		6384EDDF1BE63F4900049244 /* Info.plist */ = {isa = PBXFileReference; lastKnownFileType = text.plist.xml; path = Info.plist; sourceTree = "<group>"; };
/* End PBXFileReference section */

/* Begin PBXFrameworksBuildPhase section */
		6384EDB41BE63F4900049244 /* Frameworks */ = {
			isa = PBXFrameworksBuildPhase;
			buildActionMask = 2147483647;
			files = (
			);
			runOnlyForDeploymentPostprocessing = 0;
		};
		6384EDCB1BE63F4900049244 /* Frameworks */ = {
			isa = PBXFrameworksBuildPhase;
			buildActionMask = 2147483647;
			files = (
			);
			runOnlyForDeploymentPostprocessing = 0;
		};
		6384EDD61BE63F4900049244 /* Frameworks */ = {
			isa = PBXFrameworksBuildPhase;
			buildActionMask = 2147483647;
			files = (
			);
			runOnlyForDeploymentPostprocessing = 0;
		};
/* End PBXFrameworksBuildPhase section */

/* Begin PBXGroup section */
		6384EDAE1BE63F4900049244 = {
			isa = PBXGroup;
			children = (
				6384EDB91BE63F4900049244 /* eWallet */,
				6384EDD11BE63F4900049244 /* eWalletTests */,
				6384EDDC1BE63F4900049244 /* eWalletUITests */,
				6384EDB81BE63F4900049244 /* Products */,
			);
			sourceTree = "<group>";
		};
		6384EDB81BE63F4900049244 /* Products */ = {
			isa = PBXGroup;
			children = (
				6384EDB71BE63F4900049244 /* eWallet.app */,
				6384EDCE1BE63F4900049244 /* eWalletTests.xctest */,
				6384EDD91BE63F4900049244 /* eWalletUITests.xctest */,
			);
			name = Products;
			sourceTree = "<group>";
		};
		6384EDB91BE63F4900049244 /* eWallet */ = {
			isa = PBXGroup;
			children = (
				6384EDBA1BE63F4900049244 /* AppDelegate.swift */,
				6384EDBC1BE63F4900049244 /* ViewController.swift */,
				6384EDBE1BE63F4900049244 /* Main.storyboard */,
				6384EDC41BE63F4900049244 /* Assets.xcassets */,
				6384EDC61BE63F4900049244 /* LaunchScreen.storyboard */,
				6384EDC91BE63F4900049244 /* Info.plist */,
				6384EDC11BE63F4900049244 /* eWallet.xcdatamodeld */,
			);
			path = eWallet;
			sourceTree = "<group>";
		};
		6384EDD11BE63F4900049244 /* eWalletTests */ = {
			isa = PBXGroup;
			children = (
				6384EDD21BE63F4900049244 /* eWalletTests.swift */,
				6384EDD41BE63F4900049244 /* Info.plist */,
			);
			path = eWalletTests;
			sourceTree = "<group>";
		};
		6384EDDC1BE63F4900049244 /* eWalletUITests */ = {
			isa = PBXGroup;
			children = (
				6384EDDD1BE63F4900049244 /* eWalletUITests.swift */,
				6384EDDF1BE63F4900049244 /* Info.plist */,
			);
			path = eWalletUITests;
			sourceTree = "<group>";
		};
/* End PBXGroup section */

/* Begin PBXNativeTarget section */
		6384EDB61BE63F4900049244 /* eWallet */ = {
			isa = PBXNativeTarget;
			buildConfigurationList = 6384EDE21BE63F4900049244 /* Build configuration list for PBXNativeTarget "eWallet" */;
			buildPhases = (
				6384EDB31BE63F4900049244 /* Sources */,
				6384EDB41BE63F4900049244 /* Frameworks */,
				6384EDB51BE63F4900049244 /* Resources */,
			);
			buildRules = (
			);
			dependencies = (
			);
			name = eWallet;
			productName = eWallet;
			productReference = 6384EDB71BE63F4900049244 /* eWallet.app */;
			productType = "com.apple.product-type.application";
		};
		6384EDCD1BE63F4900049244 /* eWalletTests */ = {
			isa = PBXNativeTarget;
			buildConfigurationList = 6384EDE51BE63F4900049244 /* Build configuration list for PBXNativeTarget "eWalletTests" */;
			buildPhases = (
				6384EDCA1BE63F4900049244 /* Sources */,
				6384EDCB1BE63F4900049244 /* Frameworks */,
				6384EDCC1BE63F4900049244 /* Resources */,
			);
			buildRules = (
			);
			dependencies = (
				6384EDD01BE63F4900049244 /* PBXTargetDependency */,
			);
			name = eWalletTests;
			productName = eWalletTests;
			productReference = 6384EDCE1BE63F4900049244 /* eWalletTests.xctest */;
			productType = "com.apple.product-type.bundle.unit-test";
		};
		6384EDD81BE63F4900049244 /* eWalletUITests */ = {
			isa = PBXNativeTarget;
			buildConfigurationList = 6384EDE81BE63F4900049244 /* Build configuration list for PBXNativeTarget "eWalletUITests" */;
			buildPhases = (
				6384EDD51BE63F4900049244 /* Sources */,
				6384EDD61BE63F4900049244 /* Frameworks */,
				6384EDD71BE63F4900049244 /* Resources */,
			);
			buildRules = (
			);
			dependencies = (
				6384EDDB1BE63F4900049244 /* PBXTargetDependency */,
			);
			name = eWalletUITests;
			productName = eWalletUITests;
			productReference = 6384EDD91BE63F4900049244 /* eWalletUITests.xctest */;
			productType = "com.apple.product-type.bundle.ui-testing";
		};
/* End PBXNativeTarget section */

/* Begin PBXProject section */
		6384EDAF1BE63F4900049244 /* Project object */ = {
			isa = PBXProject;
			attributes = {
				LastSwiftUpdateCheck = 0710;
				LastUpgradeCheck = 0710;
				ORGANIZATIONNAME = "David Kababyan";
				TargetAttributes = {
					6384EDB61BE63F4900049244 = {
						CreatedOnToolsVersion = 7.1;
					};
					6384EDCD1BE63F4900049244 = {
						CreatedOnToolsVersion = 7.1;
						TestTargetID = 6384EDB61BE63F4900049244;
					};
					6384EDD81BE63F4900049244 = {
						CreatedOnToolsVersion = 7.1;
						TestTargetID = 6384EDB61BE63F4900049244;
					};
				};
			};
			buildConfigurationList = 6384EDB21BE63F4900049244 /* Build configuration list for PBXProject "eWallet" */;
			compatibilityVersion = "Xcode 3.2";
			developmentRegion = English;
			hasScannedForEncodings = 0;
			knownRegions = (
				en,
				Base,
			);
			mainGroup = 6384EDAE1BE63F4900049244;
			productRefGroup = 6384EDB81BE63F4900049244 /* Products */;
			projectDirPath = "";
			projectRoot = "";
			targets = (
				6384EDB61BE63F4900049244 /* eWallet */,
				6384EDCD1BE63F4900049244 /* eWalletTests */,
				6384EDD81BE63F4900049244 /* eWalletUITests */,
			);
		};
/* End PBXProject section */

/* Begin PBXResourcesBuildPhase section */
		6384EDB51BE63F4900049244 /* Resources */ = {
			isa = PBXResourcesBuildPhase;
			buildActionMask = 2147483647;
			files = (
				6384EDC81BE63F4900049244 /* LaunchScreen.storyboard in Resources */,
				6384EDC51BE63F4900049244 /* Assets.xcassets in Resources */,
				6384EDC01BE63F4900049244 /* Main.storyboard in Resources */,
			);
			runOnlyForDeploymentPostprocessing = 0;
		};
		6384EDCC1BE63F4900049244 /* Resources */ = {
			isa = PBXResourcesBuildPhase;
			buildActionMask = 2147483647;
			files = (
			);
			runOnlyForDeploymentPostprocessing = 0;
		};
		6384EDD71BE63F4900049244 /* Resources */ = {
			isa = PBXResourcesBuildPhase;
			buildActionMask = 2147483647;
			files = (
			);
			runOnlyForDeploymentPostprocessing = 0;
		};
/* End PBXResourcesBuildPhase section */

/* Begin PBXSourcesBuildPhase section */
		6384EDB31BE63F4900049244 /* Sources */ = {
			isa = PBXSourcesBuildPhase;
			buildActionMask = 2147483647;
			files = (
				6384EDC31BE63F4900049244 /* eWallet.xcdatamodeld in Sources */,
				6384EDBD1BE63F4900049244 /* ViewController.swift in Sources */,
				6384EDBB1BE63F4900049244 /* AppDelegate.swift in Sources */,
			);
			runOnlyForDeploymentPostprocessing = 0;
		};
		6384EDCA1BE63F4900049244 /* Sources */ = {
			isa = PBXSourcesBuildPhase;
			buildActionMask = 2147483647;
			files = (
				6384EDD31BE63F4900049244 /* eWalletTests.swift in Sources */,
			);
			runOnlyForDeploymentPostprocessing = 0;
		};
		6384EDD51BE63F4900049244 /* Sources */ = {
			isa = PBXSourcesBuildPhase;
			buildActionMask = 2147483647;
			files = (
				6384EDDE1BE63F4900049244 /* eWalletUITests.swift in Sources */,
			);
			runOnlyForDeploymentPostprocessing = 0;
		};
/* End PBXSourcesBuildPhase section */

/* Begin PBXTargetDependency section */
		6384EDD01BE63F4900049244 /* PBXTargetDependency */ = {
			isa = PBXTargetDependency;
			target = 6384EDB61BE63F4900049244 /* eWallet */;
			targetProxy = 6384EDCF1BE63F4900049244 /* PBXContainerItemProxy */;
		};
		6384EDDB1BE63F4900049244 /* PBXTargetDependency */ = {
			isa = PBXTargetDependency;
			target = 6384EDB61BE63F4900049244 /* eWallet */;
			targetProxy = 6384EDDA1BE63F4900049244 /* PBXContainerItemProxy */;
		};
/* End PBXTargetDependency section */

/* Begin PBXVariantGroup section */
		6384EDBE1BE63F4900049244 /* Main.storyboard */ = {
			isa = PBXVariantGroup;
			children = (
				6384EDBF1BE63F4900049244 /* Base */,
			);
			name = Main.storyboard;
			sourceTree = "<group>";
		};
		6384EDC61BE63F4900049244 /* LaunchScreen.storyboard */ = {
			isa = PBXVariantGroup;
			children = (
				6384EDC71BE63F4900049244 /* Base */,
			);
			name = LaunchScreen.storyboard;
			sourceTree = "<group>";
		};
/* End PBXVariantGroup section */

/* Begin XCBuildConfiguration section */
		6384EDE01BE63F4900049244 /* Debug */ = {
			isa = XCBuildConfiguration;
			buildSettings = {
				ALWAYS_SEARCH_USER_PATHS = NO;
				CLANG_CXX_LANGUAGE_STANDARD = "gnu++0x";
				CLANG_CXX_LIBRARY = "libc++";
				CLANG_ENABLE_MODULES = YES;
				CLANG_ENABLE_OBJC_ARC = YES;
				CLANG_WARN_BOOL_CONVERSION = YES;
				CLANG_WARN_CONSTANT_CONVERSION = YES;
				CLANG_WARN_DIRECT_OBJC_ISA_USAGE = YES_ERROR;
				CLANG_WARN_EMPTY_BODY = YES;
				CLANG_WARN_ENUM_CONVERSION = YES;
				CLANG_WARN_INT_CONVERSION = YES;
				CLANG_WARN_OBJC_ROOT_CLASS = YES_ERROR;
				CLANG_WARN_UNREACHABLE_CODE = YES;
				CLANG_WARN__DUPLICATE_METHOD_MATCH = YES;
				"CODE_SIGN_IDENTITY[sdk=iphoneos*]" = "iPhone Developer";
				COPY_PHASE_STRIP = NO;
				DEBUG_INFORMATION_FORMAT = dwarf;
				ENABLE_STRICT_OBJC_MSGSEND = YES;
				ENABLE_TESTABILITY = YES;
				GCC_C_LANGUAGE_STANDARD = gnu99;
				GCC_DYNAMIC_NO_PIC = NO;
				GCC_NO_COMMON_BLOCKS = YES;
				GCC_OPTIMIZATION_LEVEL = 0;
				GCC_PREPROCESSOR_DEFINITIONS = (
					"DEBUG=1",
					"$(inherited)",
				);
				GCC_WARN_64_TO_32_BIT_CONVERSION = YES;
				GCC_WARN_ABOUT_RETURN_TYPE = YES_ERROR;
				GCC_WARN_UNDECLARED_SELECTOR = YES;
				GCC_WARN_UNINITIALIZED_AUTOS = YES_AGGRESSIVE;
				GCC_WARN_UNUSED_FUNCTION = YES;
				GCC_WARN_UNUSED_VARIABLE = YES;
				IPHONEOS_DEPLOYMENT_TARGET = 9.1;
				MTL_ENABLE_DEBUG_INFO = YES;
				ONLY_ACTIVE_ARCH = YES;
				SDKROOT = iphoneos;
				SWIFT_OPTIMIZATION_LEVEL = "-Onone";
				TARGETED_DEVICE_FAMILY = "1,2";
			};
			name = Debug;
		};
		6384EDE11BE63F4900049244 /* Release */ = {
			isa = XCBuildConfiguration;
			buildSettings = {
				ALWAYS_SEARCH_USER_PATHS = NO;
				CLANG_CXX_LANGUAGE_STANDARD = "gnu++0x";
				CLANG_CXX_LIBRARY = "libc++";
				CLANG_ENABLE_MODULES = YES;
				CLANG_ENABLE_OBJC_ARC = YES;
				CLANG_WARN_BOOL_CONVERSION = YES;
				CLANG_WARN_CONSTANT_CONVERSION = YES;
				CLANG_WARN_DIRECT_OBJC_ISA_USAGE = YES_ERROR;
				CLANG_WARN_EMPTY_BODY = YES;
				CLANG_WARN_ENUM_CONVERSION = YES;
				CLANG_WARN_INT_CONVERSION = YES;
				CLANG_WARN_OBJC_ROOT_CLASS = YES_ERROR;
				CLANG_WARN_UNREACHABLE_CODE = YES;
				CLANG_WARN__DUPLICATE_METHOD_MATCH = YES;
				"CODE_SIGN_IDENTITY[sdk=iphoneos*]" = "iPhone Developer";
				COPY_PHASE_STRIP = NO;
				DEBUG_INFORMATION_FORMAT = "dwarf-with-dsym";
				ENABLE_NS_ASSERTIONS = NO;
				ENABLE_STRICT_OBJC_MSGSEND = YES;
				GCC_C_LANGUAGE_STANDARD = gnu99;
				GCC_NO_COMMON_BLOCKS = YES;
				GCC_WARN_64_TO_32_BIT_CONVERSION = YES;
				GCC_WARN_ABOUT_RETURN_TYPE = YES_ERROR;
				GCC_WARN_UNDECLARED_SELECTOR = YES;
				GCC_WARN_UNINITIALIZED_AUTOS = YES_AGGRESSIVE;
				GCC_WARN_UNUSED_FUNCTION = YES;
				GCC_WARN_UNUSED_VARIABLE = YES;
				IPHONEOS_DEPLOYMENT_TARGET = 9.1;
				MTL_ENABLE_DEBUG_INFO = NO;
				SDKROOT = iphoneos;
				TARGETED_DEVICE_FAMILY = "1,2";
				VALIDATE_PRODUCT = YES;
			};
			name = Release;
		};
		6384EDE31BE63F4900049244 /* Debug */ = {
			isa = XCBuildConfiguration;
			buildSettings = {
				ASSETCATALOG_COMPILER_APPICON_NAME = AppIcon;
				INFOPLIST_FILE = eWallet/Info.plist;
				LD_RUNPATH_SEARCH_PATHS = "$(inherited) @executable_path/Frameworks";
				PRODUCT_BUNDLE_IDENTIFIER = com.motionfilminc.eWallet;
				PRODUCT_NAME = "$(TARGET_NAME)";
			};
			name = Debug;
		};
		6384EDE41BE63F4900049244 /* Release */ = {
			isa = XCBuildConfiguration;
			buildSettings = {
				ASSETCATALOG_COMPILER_APPICON_NAME = AppIcon;
				INFOPLIST_FILE = eWallet/Info.plist;
				LD_RUNPATH_SEARCH_PATHS = "$(inherited) @executable_path/Frameworks";
				PRODUCT_BUNDLE_IDENTIFIER = com.motionfilminc.eWallet;
				PRODUCT_NAME = "$(TARGET_NAME)";
			};
			name = Release;
		};
		6384EDE61BE63F4900049244 /* Debug */ = {
			isa = XCBuildConfiguration;
			buildSettings = {
				BUNDLE_LOADER = "$(TEST_HOST)";
				INFOPLIST_FILE = eWalletTests/Info.plist;
				LD_RUNPATH_SEARCH_PATHS = "$(inherited) @executable_path/Frameworks @loader_path/Frameworks";
				PRODUCT_BUNDLE_IDENTIFIER = com.motionfilminc.eWalletTests;
				PRODUCT_NAME = "$(TARGET_NAME)";
				TEST_HOST = "$(BUILT_PRODUCTS_DIR)/eWallet.app/eWallet";
			};
			name = Debug;
		};
		6384EDE71BE63F4900049244 /* Release */ = {
			isa = XCBuildConfiguration;
			buildSettings = {
				BUNDLE_LOADER = "$(TEST_HOST)";
				INFOPLIST_FILE = eWalletTests/Info.plist;
				LD_RUNPATH_SEARCH_PATHS = "$(inherited) @executable_path/Frameworks @loader_path/Frameworks";
				PRODUCT_BUNDLE_IDENTIFIER = com.motionfilminc.eWalletTests;
				PRODUCT_NAME = "$(TARGET_NAME)";
				TEST_HOST = "$(BUILT_PRODUCTS_DIR)/eWallet.app/eWallet";
			};
			name = Release;
		};
		6384EDE91BE63F4900049244 /* Debug */ = {
			isa = XCBuildConfiguration;
			buildSettings = {
				INFOPLIST_FILE = eWalletUITests/Info.plist;
				LD_RUNPATH_SEARCH_PATHS = "$(inherited) @executable_path/Frameworks @loader_path/Frameworks";
				PRODUCT_BUNDLE_IDENTIFIER = com.motionfilminc.eWalletUITests;
				PRODUCT_NAME = "$(TARGET_NAME)";
				TEST_TARGET_NAME = eWallet;
				USES_XCTRUNNER = YES;
			};
			name = Debug;
		};
		6384EDEA1BE63F4900049244 /* Release */ = {
			isa = XCBuildConfiguration;
			buildSettings = {
				INFOPLIST_FILE = eWalletUITests/Info.plist;
				LD_RUNPATH_SEARCH_PATHS = "$(inherited) @executable_path/Frameworks @loader_path/Frameworks";
				PRODUCT_BUNDLE_IDENTIFIER = com.motionfilminc.eWalletUITests;
				PRODUCT_NAME = "$(TARGET_NAME)";
				TEST_TARGET_NAME = eWallet;
				USES_XCTRUNNER = YES;
			};
			name = Release;
		};
/* End XCBuildConfiguration section */

/* Begin XCConfigurationList section */
		6384EDB21BE63F4900049244 /* Build configuration list for PBXProject "eWallet" */ = {
			isa = XCConfigurationList;
			buildConfigurations = (
				6384EDE01BE63F4900049244 /* Debug */,
				6384EDE11BE63F4900049244 /* Release */,
			);
			defaultConfigurationIsVisible = 0;
			defaultConfigurationName = Release;
		};
		6384EDE21BE63F4900049244 /* Build configuration list for PBXNativeTarget "eWallet" */ = {
			isa = XCConfigurationList;
			buildConfigurations = (
				6384EDE31BE63F4900049244 /* Debug */,
				6384EDE41BE63F4900049244 /* Release */,
			);
			defaultConfigurationIsVisible = 0;
		};
		6384EDE51BE63F4900049244 /* Build configuration list for PBXNativeTarget "eWalletTests" */ = {
			isa = XCConfigurationList;
			buildConfigurations = (
				6384EDE61BE63F4900049244 /* Debug */,
				6384EDE71BE63F4900049244 /* Release */,
			);
			defaultConfigurationIsVisible = 0;
		};
		6384EDE81BE63F4900049244 /* Build configuration list for PBXNativeTarget "eWalletUITests" */ = {
			isa = XCConfigurationList;
			buildConfigurations = (
				6384EDE91BE63F4900049244 /* Debug */,
				6384EDEA1BE63F4900049244 /* Release */,
			);
			defaultConfigurationIsVisible = 0;
		};
/* End XCConfigurationList section */

/* Begin XCVersionGroup section */
		6384EDC11BE63F4900049244 /* eWallet.xcdatamodeld */ = {
			isa = XCVersionGroup;
			children = (
				6384EDC21BE63F4900049244 /* eWallet.xcdatamodel */,
			);
			currentVersion = 6384EDC21BE63F4900049244 /* eWallet.xcdatamodel */;
			path = eWallet.xcdatamodeld;
			sourceTree = "<group>";
			versionGroupType = wrapper.xcdatamodel;
		};
/* End XCVersionGroup section */
	};
	rootObject = 6384EDAF1BE63F4900049244 /* Project object */;
}
